
Microsoft Visual Studio Solution File, Format Version 12.00
# Visual Studio Version 17
VisualStudioVersion = 17.8.34525.116
MinimumVisualStudioVersion = 10.0.40219.1
Project("{FAE04EC0-301F-11D3-BF4B-00C04F79EFBC}") = "uri 1071", "uri 1071\uri 1071.csproj", "{0C62C247-0CE4-400B-9120-E2D05F44EFEB}"
EndProject
Global
	GlobalSection(SolutionConfigurationPlatforms) = preSolution
		Debug|Any CPU = Debug|Any CPU
		Release|Any CPU = Release|Any CPU
	EndGlobalSection
	GlobalSection(ProjectConfigurationPlatforms) = postSolution
		{0C62C247-0CE4-400B-9120-E2D05F44EFEB}.Debug|Any CPU.ActiveCfg = Debug|Any CPU
		{0C62C247-0CE4-400B-9120-E2D05F44EFEB}.Debug|Any CPU.Build.0 = Debug|Any CPU
		{0C62C247-0CE4-400B-9120-E2D05F44EFEB}.Release|Any CPU.ActiveCfg = Release|Any CPU
		{0C62C247-0CE4-400B-9120-E2D05F44EFEB}.Release|Any CPU.Build.0 = Release|Any CPU
	EndGlobalSection
	GlobalSection(SolutionProperties) = preSolution
		HideSolutionNode = FALSE
	EndGlobalSection
	GlobalSection(ExtensibilityGlobals) = postSolution
		SolutionGuid = {D6F4E912-F7FC-46C7-9CF6-20B9307F799A}
	EndGlobalSection
EndGlobal
